
Microsoft Visual Studio Solution File, Format Version 12.00
# Visual Studio 14
VisualStudioVersion = 14.0.25420.1
MinimumVisualStudioVersion = 10.0.40219.1
Project("{FAE04EC0-301F-11D3-BF4B-00C04F79EFBC}") = "01复习及作业", "01复习及作业\01复习及作业.csproj", "{E1BAA5BC-C10B-4F75-9ED0-4410DB0723D8}"
EndProject
Project("{FAE04EC0-301F-11D3-BF4B-00C04F79EFBC}") = "02方法", "02方法\02方法.csproj", "{ACB14C4E-9A07-4C01-A6CA-69B95FC15D12}"
EndProject
Project("{FAE04EC0-301F-11D3-BF4B-00C04F79EFBC}") = "03参数", "03参数\03参数.csproj", "{955AE507-386D-4AC2-8840-F5A13B13730F}"
EndProject
Project("{FAE04EC0-301F-11D3-BF4B-00C04F79EFBC}") = "04返回值", "04返回值\04返回值.csproj", "{0913C101-2FE1-4917-BEA4-090787183F24}"
EndProject
Project("{FAE04EC0-301F-11D3-BF4B-00C04F79EFBC}") = "05闰年", "05闰年\05闰年.csproj", "{1391BC58-501A-4A6C-8DC0-5870976E86AD}"
EndProject
Project("{FAE04EC0-301F-11D3-BF4B-00C04F79EFBC}") = "06读入一个数字", "06读入一个数字\06读入一个数字.csproj", "{633ACBAD-7C46-4607-B2D7-4559ED8DA955}"
EndProject
Global
	GlobalSection(SolutionConfigurationPlatforms) = preSolution
		Debug|Any CPU = Debug|Any CPU
		Release|Any CPU = Release|Any CPU
	EndGlobalSection
	GlobalSection(ProjectConfigurationPlatforms) = postSolution
		{E1BAA5BC-C10B-4F75-9ED0-4410DB0723D8}.Debug|Any CPU.ActiveCfg = Debug|Any CPU
		{E1BAA5BC-C10B-4F75-9ED0-4410DB0723D8}.Debug|Any CPU.Build.0 = Debug|Any CPU
		{E1BAA5BC-C10B-4F75-9ED0-4410DB0723D8}.Release|Any CPU.ActiveCfg = Release|Any CPU
		{E1BAA5BC-C10B-4F75-9ED0-4410DB0723D8}.Release|Any CPU.Build.0 = Release|Any CPU
		{ACB14C4E-9A07-4C01-A6CA-69B95FC15D12}.Debug|Any CPU.ActiveCfg = Debug|Any CPU
		{ACB14C4E-9A07-4C01-A6CA-69B95FC15D12}.Debug|Any CPU.Build.0 = Debug|Any CPU
		{ACB14C4E-9A07-4C01-A6CA-69B95FC15D12}.Release|Any CPU.ActiveCfg = Release|Any CPU
		{ACB14C4E-9A07-4C01-A6CA-69B95FC15D12}.Release|Any CPU.Build.0 = Release|Any CPU
		{955AE507-386D-4AC2-8840-F5A13B13730F}.Debug|Any CPU.ActiveCfg = Debug|Any CPU
		{955AE507-386D-4AC2-8840-F5A13B13730F}.Debug|Any CPU.Build.0 = Debug|Any CPU
		{955AE507-386D-4AC2-8840-F5A13B13730F}.Release|Any CPU.ActiveCfg = Release|Any CPU
		{955AE507-386D-4AC2-8840-F5A13B13730F}.Release|Any CPU.Build.0 = Release|Any CPU
		{0913C101-2FE1-4917-BEA4-090787183F24}.Debug|Any CPU.ActiveCfg = Debug|Any CPU
		{0913C101-2FE1-4917-BEA4-090787183F24}.Debug|Any CPU.Build.0 = Debug|Any CPU
		{0913C101-2FE1-4917-BEA4-090787183F24}.Release|Any CPU.ActiveCfg = Release|Any CPU
		{0913C101-2FE1-4917-BEA4-090787183F24}.Release|Any CPU.Build.0 = Release|Any CPU
		{1391BC58-501A-4A6C-8DC0-5870976E86AD}.Debug|Any CPU.ActiveCfg = Debug|Any CPU
		{1391BC58-501A-4A6C-8DC0-5870976E86AD}.Debug|Any CPU.Build.0 = Debug|Any CPU
		{1391BC58-501A-4A6C-8DC0-5870976E86AD}.Release|Any CPU.ActiveCfg = Release|Any CPU
		{1391BC58-501A-4A6C-8DC0-5870976E86AD}.Release|Any CPU.Build.0 = Release|Any CPU
		{633ACBAD-7C46-4607-B2D7-4559ED8DA955}.Debug|Any CPU.ActiveCfg = Debug|Any CPU
		{633ACBAD-7C46-4607-B2D7-4559ED8DA955}.Debug|Any CPU.Build.0 = Debug|Any CPU
		{633ACBAD-7C46-4607-B2D7-4559ED8DA955}.Release|Any CPU.ActiveCfg = Release|Any CPU
		{633ACBAD-7C46-4607-B2D7-4559ED8DA955}.Release|Any CPU.Build.0 = Release|Any CPU
	EndGlobalSection
	GlobalSection(SolutionProperties) = preSolution
		HideSolutionNode = FALSE
	EndGlobalSection
EndGlobal
